
Microsoft Visual Studio Solution File, Format Version 12.00
# Visual Studio Version 16
VisualStudioVersion = 16.0.33927.289
MinimumVisualStudioVersion = 10.0.40219.1
Project("{2150E333-8FDC-42A3-9474-1A3956D46DE8}") = "Task0", "Task0", "{C0BC4A46-EDB5-4160-88C5-2E87A91D4830}"
EndProject
Project("{FAE04EC0-301F-11D3-BF4B-00C04F79EFBC}") = "Tyuiu.TkachukSS.Sprint5.Task0.V27", "Tyuiu.TkachukSS.Sprint5.Task0.V27\Tyuiu.TkachukSS.Sprint5.Task0.V27.csproj", "{3BD411B0-8F96-49FD-879E-7F82804015A0}"
EndProject
Project("{FAE04EC0-301F-11D3-BF4B-00C04F79EFBC}") = "Tyuiu.TkachukSS.Sprint5.Task0.V27.Lib", "Tyuiu.TkachukSS.Sprint5.Task0.V27.Lib\Tyuiu.TkachukSS.Sprint5.Task0.V27.Lib.csproj", "{F3D79CF4-9129-4CD5-B631-EEB11329AA5A}"
EndProject
Project("{FAE04EC0-301F-11D3-BF4B-00C04F79EFBC}") = "Tyuiu.TkachukSS.Sprint5.Task0.V27.Test", "Tyuiu.TkachukSS.Sprint5.Task0.V27.Test\Tyuiu.TkachukSS.Sprint5.Task0.V27.Test.csproj", "{90821F2C-98B1-43B5-A0A5-6EDA3E3090BE}"
EndProject
Project("{2150E333-8FDC-42A3-9474-1A3956D46DE8}") = "Task1", "Task1", "{94EA4352-018B-4FE0-931B-095A4E4DE2D5}"
EndProject
Project("{FAE04EC0-301F-11D3-BF4B-00C04F79EFBC}") = "Tyuiu.TkachukSS.Sprint5.Task1.V2", "Tyuiu.TkachukSS.Sprint5.Task1.V2\Tyuiu.TkachukSS.Sprint5.Task1.V2.csproj", "{1DB1DDCA-C0BF-418E-B58B-40E94B4A609D}"
EndProject
Project("{FAE04EC0-301F-11D3-BF4B-00C04F79EFBC}") = "Tyuiu.TkachukSS.Sprint5.Task1.V2.Lib", "Tyuiu.TkachukSS.Sprint5.Task1.V2.Lib\Tyuiu.TkachukSS.Sprint5.Task1.V2.Lib.csproj", "{10693D32-7694-4F7D-9B75-2D72FEB885FD}"
EndProject
Project("{FAE04EC0-301F-11D3-BF4B-00C04F79EFBC}") = "Tyuiu.TkachukSS.Sprint5.Task1.V2.Test", "Tyuiu.TkachukSS.Sprint5.Task1.V2.Test\Tyuiu.TkachukSS.Sprint5.Task1.V2.Test.csproj", "{F5E29760-BAEA-42A0-AADA-518C24B61012}"
EndProject
Project("{2150E333-8FDC-42A3-9474-1A3956D46DE8}") = "Task2", "Task2", "{9C4AE1B2-0584-4B22-9CEB-24EE9C7A6932}"
EndProject
Project("{FAE04EC0-301F-11D3-BF4B-00C04F79EFBC}") = "Tyuiu.TkachukSS.Sprint5.Task2.V14", "Tyuiu.TkachukSS.Sprint5.Task2.V14\Tyuiu.TkachukSS.Sprint5.Task2.V14.csproj", "{F679A328-0B57-407A-8CCD-39091DB24EC1}"
EndProject
Project("{FAE04EC0-301F-11D3-BF4B-00C04F79EFBC}") = "Tyuiu.TkachukSS.Sprint5.Task2.V14.Lib", "Tyuiu.TkachukSS.Sprint5.Task2.V14.Lib\Tyuiu.TkachukSS.Sprint5.Task2.V14.Lib.csproj", "{BFC5CC69-221E-4B84-93DC-4246CD8F999A}"
EndProject
Project("{FAE04EC0-301F-11D3-BF4B-00C04F79EFBC}") = "Tyuiu.TkachukSS.Sprint5.Task2.V14.Test", "Tyuiu.TkachukSS.Sprint5.Task2.V14.Test\Tyuiu.TkachukSS.Sprint5.Task2.V14.Test.csproj", "{BD5BC578-5A03-4F9F-BA5C-B545DCD0DE20}"
EndProject
Project("{2150E333-8FDC-42A3-9474-1A3956D46DE8}") = "Task3", "Task3", "{2D788531-D776-4427-ACB2-BCFD868DDAE9}"
EndProject
Project("{FAE04EC0-301F-11D3-BF4B-00C04F79EFBC}") = "Tyuiu.TkachukSS.Sprint5.Task3.V5", "Tyuiu.TkachukSS.Sprint5.Task3.V5\Tyuiu.TkachukSS.Sprint5.Task3.V5.csproj", "{83DF9D30-6A62-45AE-9899-647F3485EF72}"
EndProject
Project("{FAE04EC0-301F-11D3-BF4B-00C04F79EFBC}") = "Tyuiu.TkachukSS.Sprint5.Task3.V5.Test", "Tyuiu.TkachukSS.Sprint5.Task3.V5.Test\Tyuiu.TkachukSS.Sprint5.Task3.V5.Test.csproj", "{D2BDB4B9-9300-48BE-8E89-80C077C5195A}"
EndProject
Project("{FAE04EC0-301F-11D3-BF4B-00C04F79EFBC}") = "Tyuiu.TkachukSS.Sprint5.Task3.V5.Lib", "Tyuiu.TkachukSS.Sprint5.Task3.V5.Lib\Tyuiu.TkachukSS.Sprint5.Task3.V5.Lib.csproj", "{781BC92C-FA51-4B08-98CE-4D24E39D4DBE}"
EndProject
Project("{2150E333-8FDC-42A3-9474-1A3956D46DE8}") = "Task4", "Task4", "{466A5BF6-0A07-40F1-A17E-D847409B1A88}"
EndProject
Project("{FAE04EC0-301F-11D3-BF4B-00C04F79EFBC}") = "Tyuiu.TkachukSS.Sprint5.Task4.V7", "Tyuiu.TkachukSS.Sprint5.Task4.V9\Tyuiu.TkachukSS.Sprint5.Task4.V7.csproj", "{5BE8FA1F-A65E-4197-B8C7-B0DC6AB93F50}"
EndProject
Project("{FAE04EC0-301F-11D3-BF4B-00C04F79EFBC}") = "Tyuiu.TkachukSS.Sprint5.Task4.V7.Lib", "Tyuiu.TkachukSS.Sprint5.Task4.V9.Lib\Tyuiu.TkachukSS.Sprint5.Task4.V7.Lib.csproj", "{DD248F3A-9EC7-4579-B4A2-D754243EB4E2}"
EndProject
Project("{FAE04EC0-301F-11D3-BF4B-00C04F79EFBC}") = "Tyuiu.TkachukSS.Sprint5.Task4.V7.Test", "Tyuiu.TkachukSS.Sprint5.Task4.V9.Test\Tyuiu.TkachukSS.Sprint5.Task4.V7.Test.csproj", "{E9B72E72-8F65-41DF-9E3B-8214475821F2}"
EndProject
Global
	GlobalSection(SolutionConfigurationPlatforms) = preSolution
		Debug|Any CPU = Debug|Any CPU
		Release|Any CPU = Release|Any CPU
	EndGlobalSection
	GlobalSection(ProjectConfigurationPlatforms) = postSolution
		{3BD411B0-8F96-49FD-879E-7F82804015A0}.Debug|Any CPU.ActiveCfg = Debug|Any CPU
		{3BD411B0-8F96-49FD-879E-7F82804015A0}.Debug|Any CPU.Build.0 = Debug|Any CPU
		{3BD411B0-8F96-49FD-879E-7F82804015A0}.Release|Any CPU.ActiveCfg = Release|Any CPU
		{3BD411B0-8F96-49FD-879E-7F82804015A0}.Release|Any CPU.Build.0 = Release|Any CPU
		{F3D79CF4-9129-4CD5-B631-EEB11329AA5A}.Debug|Any CPU.ActiveCfg = Debug|Any CPU
		{F3D79CF4-9129-4CD5-B631-EEB11329AA5A}.Debug|Any CPU.Build.0 = Debug|Any CPU
		{F3D79CF4-9129-4CD5-B631-EEB11329AA5A}.Release|Any CPU.ActiveCfg = Release|Any CPU
		{F3D79CF4-9129-4CD5-B631-EEB11329AA5A}.Release|Any CPU.Build.0 = Release|Any CPU
		{90821F2C-98B1-43B5-A0A5-6EDA3E3090BE}.Debug|Any CPU.ActiveCfg = Debug|Any CPU
		{90821F2C-98B1-43B5-A0A5-6EDA3E3090BE}.Debug|Any CPU.Build.0 = Debug|Any CPU
		{90821F2C-98B1-43B5-A0A5-6EDA3E3090BE}.Release|Any CPU.ActiveCfg = Release|Any CPU
		{90821F2C-98B1-43B5-A0A5-6EDA3E3090BE}.Release|Any CPU.Build.0 = Release|Any CPU
		{1DB1DDCA-C0BF-418E-B58B-40E94B4A609D}.Debug|Any CPU.ActiveCfg = Debug|Any CPU
		{1DB1DDCA-C0BF-418E-B58B-40E94B4A609D}.Debug|Any CPU.Build.0 = Debug|Any CPU
		{1DB1DDCA-C0BF-418E-B58B-40E94B4A609D}.Release|Any CPU.ActiveCfg = Release|Any CPU
		{1DB1DDCA-C0BF-418E-B58B-40E94B4A609D}.Release|Any CPU.Build.0 = Release|Any CPU
		{10693D32-7694-4F7D-9B75-2D72FEB885FD}.Debug|Any CPU.ActiveCfg = Debug|Any CPU
		{10693D32-7694-4F7D-9B75-2D72FEB885FD}.Debug|Any CPU.Build.0 = Debug|Any CPU
		{10693D32-7694-4F7D-9B75-2D72FEB885FD}.Release|Any CPU.ActiveCfg = Release|Any CPU
		{10693D32-7694-4F7D-9B75-2D72FEB885FD}.Release|Any CPU.Build.0 = Release|Any CPU
		{F5E29760-BAEA-42A0-AADA-518C24B61012}.Debug|Any CPU.ActiveCfg = Debug|Any CPU
		{F5E29760-BAEA-42A0-AADA-518C24B61012}.Debug|Any CPU.Build.0 = Debug|Any CPU
		{F5E29760-BAEA-42A0-AADA-518C24B61012}.Release|Any CPU.ActiveCfg = Release|Any CPU
		{F5E29760-BAEA-42A0-AADA-518C24B61012}.Release|Any CPU.Build.0 = Release|Any CPU
		{F679A328-0B57-407A-8CCD-39091DB24EC1}.Debug|Any CPU.ActiveCfg = Debug|Any CPU
		{F679A328-0B57-407A-8CCD-39091DB24EC1}.Debug|Any CPU.Build.0 = Debug|Any CPU
		{F679A328-0B57-407A-8CCD-39091DB24EC1}.Release|Any CPU.ActiveCfg = Release|Any CPU
		{F679A328-0B57-407A-8CCD-39091DB24EC1}.Release|Any CPU.Build.0 = Release|Any CPU
		{BFC5CC69-221E-4B84-93DC-4246CD8F999A}.Debug|Any CPU.ActiveCfg = Debug|Any CPU
		{BFC5CC69-221E-4B84-93DC-4246CD8F999A}.Debug|Any CPU.Build.0 = Debug|Any CPU
		{BFC5CC69-221E-4B84-93DC-4246CD8F999A}.Release|Any CPU.ActiveCfg = Release|Any CPU
		{BFC5CC69-221E-4B84-93DC-4246CD8F999A}.Release|Any CPU.Build.0 = Release|Any CPU
		{BD5BC578-5A03-4F9F-BA5C-B545DCD0DE20}.Debug|Any CPU.ActiveCfg = Debug|Any CPU
		{BD5BC578-5A03-4F9F-BA5C-B545DCD0DE20}.Debug|Any CPU.Build.0 = Debug|Any CPU
		{BD5BC578-5A03-4F9F-BA5C-B545DCD0DE20}.Release|Any CPU.ActiveCfg = Release|Any CPU
		{BD5BC578-5A03-4F9F-BA5C-B545DCD0DE20}.Release|Any CPU.Build.0 = Release|Any CPU
		{83DF9D30-6A62-45AE-9899-647F3485EF72}.Debug|Any CPU.ActiveCfg = Debug|Any CPU
		{83DF9D30-6A62-45AE-9899-647F3485EF72}.Debug|Any CPU.Build.0 = Debug|Any CPU
		{83DF9D30-6A62-45AE-9899-647F3485EF72}.Release|Any CPU.ActiveCfg = Release|Any CPU
		{83DF9D30-6A62-45AE-9899-647F3485EF72}.Release|Any CPU.Build.0 = Release|Any CPU
		{D2BDB4B9-9300-48BE-8E89-80C077C5195A}.Debug|Any CPU.ActiveCfg = Debug|Any CPU
		{D2BDB4B9-9300-48BE-8E89-80C077C5195A}.Debug|Any CPU.Build.0 = Debug|Any CPU
		{D2BDB4B9-9300-48BE-8E89-80C077C5195A}.Release|Any CPU.ActiveCfg = Release|Any CPU
		{D2BDB4B9-9300-48BE-8E89-80C077C5195A}.Release|Any CPU.Build.0 = Release|Any CPU
		{781BC92C-FA51-4B08-98CE-4D24E39D4DBE}.Debug|Any CPU.ActiveCfg = Debug|Any CPU
		{781BC92C-FA51-4B08-98CE-4D24E39D4DBE}.Debug|Any CPU.Build.0 = Debug|Any CPU
		{781BC92C-FA51-4B08-98CE-4D24E39D4DBE}.Release|Any CPU.ActiveCfg = Release|Any CPU
		{781BC92C-FA51-4B08-98CE-4D24E39D4DBE}.Release|Any CPU.Build.0 = Release|Any CPU
		{5BE8FA1F-A65E-4197-B8C7-B0DC6AB93F50}.Debug|Any CPU.ActiveCfg = Debug|Any CPU
		{5BE8FA1F-A65E-4197-B8C7-B0DC6AB93F50}.Debug|Any CPU.Build.0 = Debug|Any CPU
		{5BE8FA1F-A65E-4197-B8C7-B0DC6AB93F50}.Release|Any CPU.ActiveCfg = Release|Any CPU
		{5BE8FA1F-A65E-4197-B8C7-B0DC6AB93F50}.Release|Any CPU.Build.0 = Release|Any CPU
		{DD248F3A-9EC7-4579-B4A2-D754243EB4E2}.Debug|Any CPU.ActiveCfg = Debug|Any CPU
		{DD248F3A-9EC7-4579-B4A2-D754243EB4E2}.Debug|Any CPU.Build.0 = Debug|Any CPU
		{DD248F3A-9EC7-4579-B4A2-D754243EB4E2}.Release|Any CPU.ActiveCfg = Release|Any CPU
		{DD248F3A-9EC7-4579-B4A2-D754243EB4E2}.Release|Any CPU.Build.0 = Release|Any CPU
		{E9B72E72-8F65-41DF-9E3B-8214475821F2}.Debug|Any CPU.ActiveCfg = Debug|Any CPU
		{E9B72E72-8F65-41DF-9E3B-8214475821F2}.Debug|Any CPU.Build.0 = Debug|Any CPU
		{E9B72E72-8F65-41DF-9E3B-8214475821F2}.Release|Any CPU.ActiveCfg = Release|Any CPU
		{E9B72E72-8F65-41DF-9E3B-8214475821F2}.Release|Any CPU.Build.0 = Release|Any CPU
	EndGlobalSection
	GlobalSection(SolutionProperties) = preSolution
		HideSolutionNode = FALSE
	EndGlobalSection
	GlobalSection(NestedProjects) = preSolution
		{3BD411B0-8F96-49FD-879E-7F82804015A0} = {C0BC4A46-EDB5-4160-88C5-2E87A91D4830}
		{F3D79CF4-9129-4CD5-B631-EEB11329AA5A} = {C0BC4A46-EDB5-4160-88C5-2E87A91D4830}
		{90821F2C-98B1-43B5-A0A5-6EDA3E3090BE} = {C0BC4A46-EDB5-4160-88C5-2E87A91D4830}
		{1DB1DDCA-C0BF-418E-B58B-40E94B4A609D} = {94EA4352-018B-4FE0-931B-095A4E4DE2D5}
		{10693D32-7694-4F7D-9B75-2D72FEB885FD} = {94EA4352-018B-4FE0-931B-095A4E4DE2D5}
		{F5E29760-BAEA-42A0-AADA-518C24B61012} = {94EA4352-018B-4FE0-931B-095A4E4DE2D5}
		{F679A328-0B57-407A-8CCD-39091DB24EC1} = {9C4AE1B2-0584-4B22-9CEB-24EE9C7A6932}
		{BFC5CC69-221E-4B84-93DC-4246CD8F999A} = {9C4AE1B2-0584-4B22-9CEB-24EE9C7A6932}
		{BD5BC578-5A03-4F9F-BA5C-B545DCD0DE20} = {9C4AE1B2-0584-4B22-9CEB-24EE9C7A6932}
		{83DF9D30-6A62-45AE-9899-647F3485EF72} = {2D788531-D776-4427-ACB2-BCFD868DDAE9}
		{D2BDB4B9-9300-48BE-8E89-80C077C5195A} = {2D788531-D776-4427-ACB2-BCFD868DDAE9}
		{781BC92C-FA51-4B08-98CE-4D24E39D4DBE} = {2D788531-D776-4427-ACB2-BCFD868DDAE9}
		{5BE8FA1F-A65E-4197-B8C7-B0DC6AB93F50} = {466A5BF6-0A07-40F1-A17E-D847409B1A88}
		{DD248F3A-9EC7-4579-B4A2-D754243EB4E2} = {466A5BF6-0A07-40F1-A17E-D847409B1A88}
		{E9B72E72-8F65-41DF-9E3B-8214475821F2} = {466A5BF6-0A07-40F1-A17E-D847409B1A88}
	EndGlobalSection
	GlobalSection(ExtensibilityGlobals) = postSolution
		SolutionGuid = {2F3DD5D6-1C2F-4483-8596-281710996309}
	EndGlobalSection
EndGlobal
